// !$*UTF8*$!
{
	archiveVersion = 1;
	classes = {
	};
	objectVersion = 46;
	objects = {

/* Begin PBXBuildFile section */
		390CAF1C1E79AA560024E3E6 /* SectionDescriptor.swift in Sources */ = {isa = PBXBuildFile; fileRef = 390CAF1B1E79AA560024E3E6 /* SectionDescriptor.swift */; };
		395D14801B90610A00658680 /* AppDelegate.swift in Sources */ = {isa = PBXBuildFile; fileRef = 395D147F1B90610A00658680 /* AppDelegate.swift */; };
		395D14871B90610A00658680 /* Assets.xcassets in Resources */ = {isa = PBXBuildFile; fileRef = 395D14861B90610A00658680 /* Assets.xcassets */; };
		395D14A71B90612D00658680 /* DataSource.h in Headers */ = {isa = PBXBuildFile; fileRef = 395D14A61B90612D00658680 /* DataSource.h */; settings = {ATTRIBUTES = (Public, ); }; };
		395D14B91B90612D00658680 /* DataSource.framework in Frameworks */ = {isa = PBXBuildFile; fileRef = 395D14A41B90612D00658680 /* DataSource.framework */; };
		395D14BA1B90612D00658680 /* DataSource.framework in Embed Frameworks */ = {isa = PBXBuildFile; fileRef = 395D14A41B90612D00658680 /* DataSource.framework */; settings = {ATTRIBUTES = (CodeSignOnCopy, RemoveHeadersOnCopy, ); }; };
		3968B9091E7BFDF800EE876F /* Diffable.swift in Sources */ = {isa = PBXBuildFile; fileRef = 3968B9081E7BFDF800EE876F /* Diffable.swift */; };
		3968B9111E7C103400EE876F /* RandomPersonsViewController.swift in Sources */ = {isa = PBXBuildFile; fileRef = 3968B90D1E7C103400EE876F /* RandomPersonsViewController.swift */; };
		3968B9121E7C103400EE876F /* FormViewController.swift in Sources */ = {isa = PBXBuildFile; fileRef = 3968B90E1E7C103400EE876F /* FormViewController.swift */; };
		3968B9131E7C103400EE876F /* DiffViewController.swift in Sources */ = {isa = PBXBuildFile; fileRef = 3968B90F1E7C103400EE876F /* DiffViewController.swift */; };
		3968B9141E7C103400EE876F /* LazyRowsViewController.swift in Sources */ = {isa = PBXBuildFile; fileRef = 3968B9101E7C103400EE876F /* LazyRowsViewController.swift */; };
		3968B9161E7C261600EE876F /* UILabel+Animation.swift in Sources */ = {isa = PBXBuildFile; fileRef = 3968B9151E7C261600EE876F /* UILabel+Animation.swift */; };
		398248A31E5C6D9900F802D1 /* StartViewController.swift in Sources */ = {isa = PBXBuildFile; fileRef = 398248A11E5C6D9900F802D1 /* StartViewController.swift */; };
		398248AC1E5C6DDC00F802D1 /* LaunchScreen.storyboard in Resources */ = {isa = PBXBuildFile; fileRef = 398248A81E5C6DDC00F802D1 /* LaunchScreen.storyboard */; };
		398248AD1E5C6DDC00F802D1 /* Main.storyboard in Resources */ = {isa = PBXBuildFile; fileRef = 398248AA1E5C6DDC00F802D1 /* Main.storyboard */; };
		398248AF1E5C6EFB00F802D1 /* DataSource.swift in Sources */ = {isa = PBXBuildFile; fileRef = 398248AE1E5C6EFB00F802D1 /* DataSource.swift */; };
		398248B71E5C70B200F802D1 /* Diff.framework in Frameworks */ = {isa = PBXBuildFile; fileRef = 398248B61E5C70B200F802D1 /* Diff.framework */; };
		398248BA1E5C717400F802D1 /* Diff.framework in Frameworks */ = {isa = PBXBuildFile; fileRef = 398248B61E5C70B200F802D1 /* Diff.framework */; };
		398248C11E5C7A3500F802D1 /* Row.swift in Sources */ = {isa = PBXBuildFile; fileRef = 398248C01E5C7A3500F802D1 /* Row.swift */; };
		398248C31E5C7A4000F802D1 /* Section.swift in Sources */ = {isa = PBXBuildFile; fileRef = 398248C21E5C7A4000F802D1 /* Section.swift */; };
		398248C51E5C7A5600F802D1 /* CellDescriptor.swift in Sources */ = {isa = PBXBuildFile; fileRef = 398248C41E5C7A5600F802D1 /* CellDescriptor.swift */; };
		398248C71E5C7CCA00F802D1 /* DataSource+Diff.swift in Sources */ = {isa = PBXBuildFile; fileRef = 398248C61E5C7CCA00F802D1 /* DataSource+Diff.swift */; };
		398248C91E5CA06600F802D1 /* DataSource+UITableViewDataSource.swift in Sources */ = {isa = PBXBuildFile; fileRef = 398248C81E5CA06600F802D1 /* DataSource+UITableViewDataSource.swift */; };
		398248CB1E5CA74A00F802D1 /* UITableViewExtensions.swift in Sources */ = {isa = PBXBuildFile; fileRef = 398248CA1E5CA74A00F802D1 /* UITableViewExtensions.swift */; };
		398248CD1E5CA9C600F802D1 /* DataSource+UITableViewDelegate.swift in Sources */ = {isa = PBXBuildFile; fileRef = 398248CC1E5CA9C600F802D1 /* DataSource+UITableViewDelegate.swift */; };
		39913AB81E61BBCC00623635 /* SwiftRandom.swift in Sources */ = {isa = PBXBuildFile; fileRef = 39913AB71E61BBCC00623635 /* SwiftRandom.swift */; };
		39A848671E5E1D9600D7DBC2 /* DataSourceTests.swift in Sources */ = {isa = PBXBuildFile; fileRef = 39A848661E5E1D9600D7DBC2 /* DataSourceTests.swift */; };
		39A848691E5E1D9600D7DBC2 /* DataSource.framework in Frameworks */ = {isa = PBXBuildFile; fileRef = 395D14A41B90612D00658680 /* DataSource.framework */; };
		39A848721E5E2D2D00D7DBC2 /* Diff.framework in Frameworks */ = {isa = PBXBuildFile; fileRef = 398248B61E5C70B200F802D1 /* Diff.framework */; };
		39A848741E5E2DD800D7DBC2 /* Diff.framework in Copy Frameworks */ = {isa = PBXBuildFile; fileRef = 398248B61E5C70B200F802D1 /* Diff.framework */; settings = {ATTRIBUTES = (CodeSignOnCopy, RemoveHeadersOnCopy, ); }; };
		39A848751E5E2DEC00D7DBC2 /* DataSource.framework in Copy Frameworks */ = {isa = PBXBuildFile; fileRef = 395D14A41B90612D00658680 /* DataSource.framework */; settings = {ATTRIBUTES = (CodeSignOnCopy, RemoveHeadersOnCopy, ); }; };
		39B621801E6D757000BE18EE /* DataSource+UITableViewDataSourcePrefetching.swift in Sources */ = {isa = PBXBuildFile; fileRef = 39B6217F1E6D757000BE18EE /* DataSource+UITableViewDataSourcePrefetching.swift */; };
		39E9E3A81E6566AD00A3C300 /* PersonCell.swift in Sources */ = {isa = PBXBuildFile; fileRef = 39E9E3A51E6566AD00A3C300 /* PersonCell.swift */; };
		39E9E3A91E6566AD00A3C300 /* TitleCell.swift in Sources */ = {isa = PBXBuildFile; fileRef = 39E9E3A61E6566AD00A3C300 /* TitleCell.swift */; };
		39E9E3AA1E6566AD00A3C300 /* TitleCell.xib in Resources */ = {isa = PBXBuildFile; fileRef = 39E9E3A71E6566AD00A3C300 /* TitleCell.xib */; };
		39E9E3AC1E659D6C00A3C300 /* TextFieldCell.swift in Sources */ = {isa = PBXBuildFile; fileRef = 39E9E3AB1E659D6C00A3C300 /* TextFieldCell.swift */; };
		39E9E3AE1E659D7D00A3C300 /* SwitchCell.swift in Sources */ = {isa = PBXBuildFile; fileRef = 39E9E3AD1E659D7D00A3C300 /* SwitchCell.swift */; };
		39EBE0671E717FBE006B7E62 /* UIColor+Interpolation.swift in Sources */ = {isa = PBXBuildFile; fileRef = 39EBE0661E717FBE006B7E62 /* UIColor+Interpolation.swift */; };
/* End PBXBuildFile section */

/* Begin PBXContainerItemProxy section */
		395D14B71B90612D00658680 /* PBXContainerItemProxy */ = {
			isa = PBXContainerItemProxy;
			containerPortal = 395D14741B90610A00658680 /* Project object */;
			proxyType = 1;
			remoteGlobalIDString = 395D14A31B90612D00658680;
			remoteInfo = DataSource;
		};
		39A8486A1E5E1D9600D7DBC2 /* PBXContainerItemProxy */ = {
			isa = PBXContainerItemProxy;
			containerPortal = 395D14741B90610A00658680 /* Project object */;
			proxyType = 1;
			remoteGlobalIDString = 395D14A31B90612D00658680;
			remoteInfo = DataSource;
		};
		39A848701E5E2A3600D7DBC2 /* PBXContainerItemProxy */ = {
			isa = PBXContainerItemProxy;
			containerPortal = 395D14741B90610A00658680 /* Project object */;
			proxyType = 1;
			remoteGlobalIDString = 395D147B1B90610A00658680;
			remoteInfo = Example;
		};
/* End PBXContainerItemProxy section */

/* Begin PBXCopyFilesBuildPhase section */
		395D14BE1B90612D00658680 /* Embed Frameworks */ = {
			isa = PBXCopyFilesBuildPhase;
			buildActionMask = 2147483647;
			dstPath = "";
			dstSubfolderSpec = 10;
			files = (
				395D14BA1B90612D00658680 /* DataSource.framework in Embed Frameworks */,
			);
			name = "Embed Frameworks";
			runOnlyForDeploymentPostprocessing = 0;
		};
		39A848731E5E2DC300D7DBC2 /* Copy Frameworks */ = {
			isa = PBXCopyFilesBuildPhase;
			buildActionMask = 2147483647;
			dstPath = "";
			dstSubfolderSpec = 10;
			files = (
				39A848751E5E2DEC00D7DBC2 /* DataSource.framework in Copy Frameworks */,
				39A848741E5E2DD800D7DBC2 /* Diff.framework in Copy Frameworks */,
			);
			name = "Copy Frameworks";
			runOnlyForDeploymentPostprocessing = 0;
		};
/* End PBXCopyFilesBuildPhase section */

/* Begin PBXFileReference section */
		390CAF1B1E79AA560024E3E6 /* SectionDescriptor.swift */ = {isa = PBXFileReference; fileEncoding = 4; lastKnownFileType = sourcecode.swift; path = SectionDescriptor.swift; sourceTree = "<group>"; };
		395D147C1B90610A00658680 /* Example.app */ = {isa = PBXFileReference; explicitFileType = wrapper.application; includeInIndex = 0; path = Example.app; sourceTree = BUILT_PRODUCTS_DIR; };
		395D147F1B90610A00658680 /* AppDelegate.swift */ = {isa = PBXFileReference; lastKnownFileType = sourcecode.swift; path = AppDelegate.swift; sourceTree = "<group>"; };
		395D14861B90610A00658680 /* Assets.xcassets */ = {isa = PBXFileReference; lastKnownFileType = folder.assetcatalog; path = Assets.xcassets; sourceTree = "<group>"; };
		395D148B1B90610A00658680 /* Info.plist */ = {isa = PBXFileReference; lastKnownFileType = text.plist.xml; path = Info.plist; sourceTree = "<group>"; };
		395D14A41B90612D00658680 /* DataSource.framework */ = {isa = PBXFileReference; explicitFileType = wrapper.framework; includeInIndex = 0; path = DataSource.framework; sourceTree = BUILT_PRODUCTS_DIR; };
		395D14A61B90612D00658680 /* DataSource.h */ = {isa = PBXFileReference; lastKnownFileType = sourcecode.c.h; path = DataSource.h; sourceTree = "<group>"; };
		395D14A81B90612D00658680 /* Info.plist */ = {isa = PBXFileReference; lastKnownFileType = text.plist.xml; path = Info.plist; sourceTree = "<group>"; };
		3968B9081E7BFDF800EE876F /* Diffable.swift */ = {isa = PBXFileReference; fileEncoding = 4; lastKnownFileType = sourcecode.swift; path = Diffable.swift; sourceTree = "<group>"; };
		3968B90D1E7C103400EE876F /* RandomPersonsViewController.swift */ = {isa = PBXFileReference; fileEncoding = 4; lastKnownFileType = sourcecode.swift; name = RandomPersonsViewController.swift; path = Examples/RandomPersonsViewController.swift; sourceTree = "<group>"; };
		3968B90E1E7C103400EE876F /* FormViewController.swift */ = {isa = PBXFileReference; fileEncoding = 4; lastKnownFileType = sourcecode.swift; name = FormViewController.swift; path = Examples/FormViewController.swift; sourceTree = "<group>"; };
		3968B90F1E7C103400EE876F /* DiffViewController.swift */ = {isa = PBXFileReference; fileEncoding = 4; lastKnownFileType = sourcecode.swift; name = DiffViewController.swift; path = Examples/DiffViewController.swift; sourceTree = "<group>"; };
		3968B9101E7C103400EE876F /* LazyRowsViewController.swift */ = {isa = PBXFileReference; fileEncoding = 4; lastKnownFileType = sourcecode.swift; name = LazyRowsViewController.swift; path = Examples/LazyRowsViewController.swift; sourceTree = "<group>"; };
		3968B9151E7C261600EE876F /* UILabel+Animation.swift */ = {isa = PBXFileReference; fileEncoding = 4; lastKnownFileType = sourcecode.swift; path = "UILabel+Animation.swift"; sourceTree = "<group>"; };
		398248A11E5C6D9900F802D1 /* StartViewController.swift */ = {isa = PBXFileReference; fileEncoding = 4; lastKnownFileType = sourcecode.swift; path = StartViewController.swift; sourceTree = "<group>"; };
		398248A91E5C6DDC00F802D1 /* Base */ = {isa = PBXFileReference; lastKnownFileType = file.storyboard; name = Base; path = Base.lproj/LaunchScreen.storyboard; sourceTree = "<group>"; };
		398248AB1E5C6DDC00F802D1 /* Base */ = {isa = PBXFileReference; lastKnownFileType = file.storyboard; name = Base; path = Base.lproj/Main.storyboard; sourceTree = "<group>"; };
		398248AE1E5C6EFB00F802D1 /* DataSource.swift */ = {isa = PBXFileReference; fileEncoding = 4; lastKnownFileType = sourcecode.swift; path = DataSource.swift; sourceTree = "<group>"; };
		398248B31E5C704700F802D1 /* Cartfile */ = {isa = PBXFileReference; lastKnownFileType = text; path = Cartfile; sourceTree = "<group>"; };
		398248B41E5C705000F802D1 /* README.md */ = {isa = PBXFileReference; lastKnownFileType = net.daringfireball.markdown; path = README.md; sourceTree = "<group>"; };
		398248B61E5C70B200F802D1 /* Diff.framework */ = {isa = PBXFileReference; lastKnownFileType = wrapper.framework; name = Diff.framework; path = Carthage/Build/iOS/Diff.framework; sourceTree = "<group>"; };
		398248C01E5C7A3500F802D1 /* Row.swift */ = {isa = PBXFileReference; fileEncoding = 4; lastKnownFileType = sourcecode.swift; path = Row.swift; sourceTree = "<group>"; };
		398248C21E5C7A4000F802D1 /* Section.swift */ = {isa = PBXFileReference; fileEncoding = 4; lastKnownFileType = sourcecode.swift; path = Section.swift; sourceTree = "<group>"; };
		398248C41E5C7A5600F802D1 /* CellDescriptor.swift */ = {isa = PBXFileReference; fileEncoding = 4; lastKnownFileType = sourcecode.swift; path = CellDescriptor.swift; sourceTree = "<group>"; };
		398248C61E5C7CCA00F802D1 /* DataSource+Diff.swift */ = {isa = PBXFileReference; fileEncoding = 4; lastKnownFileType = sourcecode.swift; path = "DataSource+Diff.swift"; sourceTree = "<group>"; };
		398248C81E5CA06600F802D1 /* DataSource+UITableViewDataSource.swift */ = {isa = PBXFileReference; fileEncoding = 4; lastKnownFileType = sourcecode.swift; path = "DataSource+UITableViewDataSource.swift"; sourceTree = "<group>"; };
		398248CA1E5CA74A00F802D1 /* UITableViewExtensions.swift */ = {isa = PBXFileReference; fileEncoding = 4; lastKnownFileType = sourcecode.swift; path = UITableViewExtensions.swift; sourceTree = "<group>"; };
		398248CC1E5CA9C600F802D1 /* DataSource+UITableViewDelegate.swift */ = {isa = PBXFileReference; fileEncoding = 4; lastKnownFileType = sourcecode.swift; path = "DataSource+UITableViewDelegate.swift"; sourceTree = "<group>"; };
		398987531F386B0700C96BF9 /* Example.entitlements */ = {isa = PBXFileReference; lastKnownFileType = text.plist.entitlements; path = Example.entitlements; sourceTree = "<group>"; };
		39913AB71E61BBCC00623635 /* SwiftRandom.swift */ = {isa = PBXFileReference; fileEncoding = 4; lastKnownFileType = sourcecode.swift; path = SwiftRandom.swift; sourceTree = "<group>"; };
		39A848641E5E1D9600D7DBC2 /* DataSourceTests.xctest */ = {isa = PBXFileReference; explicitFileType = wrapper.cfbundle; includeInIndex = 0; path = DataSourceTests.xctest; sourceTree = BUILT_PRODUCTS_DIR; };
		39A848661E5E1D9600D7DBC2 /* DataSourceTests.swift */ = {isa = PBXFileReference; lastKnownFileType = sourcecode.swift; path = DataSourceTests.swift; sourceTree = "<group>"; };
		39A848681E5E1D9600D7DBC2 /* Info.plist */ = {isa = PBXFileReference; lastKnownFileType = text.plist.xml; path = Info.plist; sourceTree = "<group>"; };
		39B6217F1E6D757000BE18EE /* DataSource+UITableViewDataSourcePrefetching.swift */ = {isa = PBXFileReference; fileEncoding = 4; lastKnownFileType = sourcecode.swift; path = "DataSource+UITableViewDataSourcePrefetching.swift"; sourceTree = "<group>"; };
		39E9E3A51E6566AD00A3C300 /* PersonCell.swift */ = {isa = PBXFileReference; fileEncoding = 4; lastKnownFileType = sourcecode.swift; path = PersonCell.swift; sourceTree = "<group>"; };
		39E9E3A61E6566AD00A3C300 /* TitleCell.swift */ = {isa = PBXFileReference; fileEncoding = 4; lastKnownFileType = sourcecode.swift; path = TitleCell.swift; sourceTree = "<group>"; };
		39E9E3A71E6566AD00A3C300 /* TitleCell.xib */ = {isa = PBXFileReference; fileEncoding = 4; lastKnownFileType = file.xib; path = TitleCell.xib; sourceTree = "<group>"; };
		39E9E3AB1E659D6C00A3C300 /* TextFieldCell.swift */ = {isa = PBXFileReference; fileEncoding = 4; lastKnownFileType = sourcecode.swift; path = TextFieldCell.swift; sourceTree = "<group>"; };
		39E9E3AD1E659D7D00A3C300 /* SwitchCell.swift */ = {isa = PBXFileReference; fileEncoding = 4; lastKnownFileType = sourcecode.swift; path = SwitchCell.swift; sourceTree = "<group>"; };
		39EBE0661E717FBE006B7E62 /* UIColor+Interpolation.swift */ = {isa = PBXFileReference; fileEncoding = 4; lastKnownFileType = sourcecode.swift; path = "UIColor+Interpolation.swift"; sourceTree = "<group>"; };
/* End PBXFileReference section */

/* Begin PBXFrameworksBuildPhase section */
		395D14791B90610A00658680 /* Frameworks */ = {
			isa = PBXFrameworksBuildPhase;
			buildActionMask = 2147483647;
			files = (
				395D14B91B90612D00658680 /* DataSource.framework in Frameworks */,
				398248BA1E5C717400F802D1 /* Diff.framework in Frameworks */,
			);
			runOnlyForDeploymentPostprocessing = 0;
		};
		395D14A01B90612D00658680 /* Frameworks */ = {
			isa = PBXFrameworksBuildPhase;
			buildActionMask = 2147483647;
			files = (
				398248B71E5C70B200F802D1 /* Diff.framework in Frameworks */,
			);
			runOnlyForDeploymentPostprocessing = 0;
		};
		39A848611E5E1D9600D7DBC2 /* Frameworks */ = {
			isa = PBXFrameworksBuildPhase;
			buildActionMask = 2147483647;
			files = (
				39A848721E5E2D2D00D7DBC2 /* Diff.framework in Frameworks */,
				39A848691E5E1D9600D7DBC2 /* DataSource.framework in Frameworks */,
			);
			runOnlyForDeploymentPostprocessing = 0;
		};
/* End PBXFrameworksBuildPhase section */

/* Begin PBXGroup section */
		395D14731B90610A00658680 = {
			isa = PBXGroup;
			children = (
				398248B31E5C704700F802D1 /* Cartfile */,
				398248B41E5C705000F802D1 /* README.md */,
				395D14A51B90612D00658680 /* DataSource */,
				39A848651E5E1D9600D7DBC2 /* DataSourceTests */,
				395D147E1B90610A00658680 /* Example */,
				398248B51E5C707A00F802D1 /* Frameworks */,
				395D147D1B90610A00658680 /* Products */,
			);
			sourceTree = "<group>";
		};
		395D147D1B90610A00658680 /* Products */ = {
			isa = PBXGroup;
			children = (
				395D147C1B90610A00658680 /* Example.app */,
				395D14A41B90612D00658680 /* DataSource.framework */,
				39A848641E5E1D9600D7DBC2 /* DataSourceTests.xctest */,
			);
			name = Products;
			sourceTree = "<group>";
		};
		395D147E1B90610A00658680 /* Example */ = {
			isa = PBXGroup;
			children = (
				398987531F386B0700C96BF9 /* Example.entitlements */,
				395D147F1B90610A00658680 /* AppDelegate.swift */,
				395D14861B90610A00658680 /* Assets.xcassets */,
				395D148B1B90610A00658680 /* Info.plist */,
				398248A71E5C6DDC00F802D1 /* Storyboards */,
				39913AB61E61BBB900623635 /* Utilities */,
				3982489F1E5C6D9900F802D1 /* ViewControllers */,
			);
			path = Example;
			sourceTree = "<group>";
		};
		395D14A51B90612D00658680 /* DataSource */ = {
			isa = PBXGroup;
			children = (
				3968B9081E7BFDF800EE876F /* Diffable.swift */,
				398248C01E5C7A3500F802D1 /* Row.swift */,
				398248C21E5C7A4000F802D1 /* Section.swift */,
				398248C41E5C7A5600F802D1 /* CellDescriptor.swift */,
				390CAF1B1E79AA560024E3E6 /* SectionDescriptor.swift */,
				398248AE1E5C6EFB00F802D1 /* DataSource.swift */,
				398248C81E5CA06600F802D1 /* DataSource+UITableViewDataSource.swift */,
				39B6217F1E6D757000BE18EE /* DataSource+UITableViewDataSourcePrefetching.swift */,
				398248CC1E5CA9C600F802D1 /* DataSource+UITableViewDelegate.swift */,
				398248C61E5C7CCA00F802D1 /* DataSource+Diff.swift */,
				398248CA1E5CA74A00F802D1 /* UITableViewExtensions.swift */,
				395D14A61B90612D00658680 /* DataSource.h */,
				395D14A81B90612D00658680 /* Info.plist */,
			);
			path = DataSource;
			sourceTree = "<group>";
		};
		3968B90C1E7C101200EE876F /* Examples */ = {
			isa = PBXGroup;
			children = (
				3968B90F1E7C103400EE876F /* DiffViewController.swift */,
				3968B90E1E7C103400EE876F /* FormViewController.swift */,
				3968B9101E7C103400EE876F /* LazyRowsViewController.swift */,
				3968B90D1E7C103400EE876F /* RandomPersonsViewController.swift */,
			);
			name = Examples;
			sourceTree = "<group>";
		};
		3982489F1E5C6D9900F802D1 /* ViewControllers */ = {
			isa = PBXGroup;
			children = (
				3968B90C1E7C101200EE876F /* Examples */,
				39E9E3A41E6566AD00A3C300 /* Cells */,
				398248A11E5C6D9900F802D1 /* StartViewController.swift */,
			);
			path = ViewControllers;
			sourceTree = "<group>";
		};
		398248A71E5C6DDC00F802D1 /* Storyboards */ = {
			isa = PBXGroup;
			children = (
				398248A81E5C6DDC00F802D1 /* LaunchScreen.storyboard */,
				398248AA1E5C6DDC00F802D1 /* Main.storyboard */,
			);
			path = Storyboards;
			sourceTree = "<group>";
		};
		398248B51E5C707A00F802D1 /* Frameworks */ = {
			isa = PBXGroup;
			children = (
				398248B61E5C70B200F802D1 /* Diff.framework */,
			);
			name = Frameworks;
			sourceTree = "<group>";
		};
		39913AB61E61BBB900623635 /* Utilities */ = {
			isa = PBXGroup;
			children = (
				39913AB71E61BBCC00623635 /* SwiftRandom.swift */,
				39EBE0661E717FBE006B7E62 /* UIColor+Interpolation.swift */,
				3968B9151E7C261600EE876F /* UILabel+Animation.swift */,
			);
			path = Utilities;
			sourceTree = "<group>";
		};
		39A848651E5E1D9600D7DBC2 /* DataSourceTests */ = {
			isa = PBXGroup;
			children = (
				39A848661E5E1D9600D7DBC2 /* DataSourceTests.swift */,
				39A848681E5E1D9600D7DBC2 /* Info.plist */,
			);
			path = DataSourceTests;
			sourceTree = "<group>";
		};
		39E9E3A41E6566AD00A3C300 /* Cells */ = {
			isa = PBXGroup;
			children = (
				39E9E3A51E6566AD00A3C300 /* PersonCell.swift */,
				39E9E3AD1E659D7D00A3C300 /* SwitchCell.swift */,
				39E9E3AB1E659D6C00A3C300 /* TextFieldCell.swift */,
				39E9E3A61E6566AD00A3C300 /* TitleCell.swift */,
				39E9E3A71E6566AD00A3C300 /* TitleCell.xib */,
			);
			path = Cells;
			sourceTree = "<group>";
		};
/* End PBXGroup section */

/* Begin PBXHeadersBuildPhase section */
		395D14A11B90612D00658680 /* Headers */ = {
			isa = PBXHeadersBuildPhase;
			buildActionMask = 2147483647;
			files = (
				395D14A71B90612D00658680 /* DataSource.h in Headers */,
			);
			runOnlyForDeploymentPostprocessing = 0;
		};
/* End PBXHeadersBuildPhase section */

/* Begin PBXNativeTarget section */
		395D147B1B90610A00658680 /* Example */ = {
			isa = PBXNativeTarget;
			buildConfigurationList = 395D14991B90610A00658680 /* Build configuration list for PBXNativeTarget "Example" */;
			buildPhases = (
				395D14781B90610A00658680 /* Sources */,
				395D14791B90610A00658680 /* Frameworks */,
				395D147A1B90610A00658680 /* Resources */,
				395D14BE1B90612D00658680 /* Embed Frameworks */,
				398248B81E5C70B900F802D1 /* Carthage */,
			);
			buildRules = (
			);
			dependencies = (
				395D14B81B90612D00658680 /* PBXTargetDependency */,
			);
			name = Example;
			productName = Example;
			productReference = 395D147C1B90610A00658680 /* Example.app */;
			productType = "com.apple.product-type.application";
		};
		395D14A31B90612D00658680 /* DataSource */ = {
			isa = PBXNativeTarget;
			buildConfigurationList = 395D14BB1B90612D00658680 /* Build configuration list for PBXNativeTarget "DataSource" */;
			buildPhases = (
				395D149F1B90612D00658680 /* Sources */,
				395D14A01B90612D00658680 /* Frameworks */,
				395D14A11B90612D00658680 /* Headers */,
				395D14A21B90612D00658680 /* Resources */,
			);
			buildRules = (
			);
			dependencies = (
			);
			name = DataSource;
			productName = DataSource;
			productReference = 395D14A41B90612D00658680 /* DataSource.framework */;
			productType = "com.apple.product-type.framework";
		};
		39A848631E5E1D9600D7DBC2 /* DataSourceTests */ = {
			isa = PBXNativeTarget;
			buildConfigurationList = 39A8486C1E5E1D9600D7DBC2 /* Build configuration list for PBXNativeTarget "DataSourceTests" */;
			buildPhases = (
				39A848601E5E1D9600D7DBC2 /* Sources */,
				39A848611E5E1D9600D7DBC2 /* Frameworks */,
				39A848621E5E1D9600D7DBC2 /* Resources */,
				39A848731E5E2DC300D7DBC2 /* Copy Frameworks */,
			);
			buildRules = (
			);
			dependencies = (
				39A848711E5E2A3600D7DBC2 /* PBXTargetDependency */,
				39A8486B1E5E1D9600D7DBC2 /* PBXTargetDependency */,
			);
			name = DataSourceTests;
			productName = DataSourceTests;
			productReference = 39A848641E5E1D9600D7DBC2 /* DataSourceTests.xctest */;
			productType = "com.apple.product-type.bundle.unit-test";
		};
/* End PBXNativeTarget section */

/* Begin PBXProject section */
		395D14741B90610A00658680 /* Project object */ = {
			isa = PBXProject;
			attributes = {
				LastSwiftUpdateCheck = 0820;
				LastUpgradeCheck = 0900;
				ORGANIZATIONNAME = "aaa - all about apps GmbH";
				TargetAttributes = {
					395D147B1B90610A00658680 = {
						CreatedOnToolsVersion = 7.0;
						DevelopmentTeam = PRXJBCN9SJ;
						LastSwiftMigration = 0900;
						ProvisioningStyle = Automatic;
						SystemCapabilities = {
							com.apple.GameCenter = {
								enabled = 0;
							};
							com.apple.Push = {
								enabled = 0;
							};
						};
					};
					395D14A31B90612D00658680 = {
						CreatedOnToolsVersion = 7.0;
						LastSwiftMigration = 0900;
					};
					39A848631E5E1D9600D7DBC2 = {
						CreatedOnToolsVersion = 8.2.1;
						DevelopmentTeam = PRXJBCN9SJ;
						LastSwiftMigration = 0900;
						ProvisioningStyle = Automatic;
						TestTargetID = 395D147B1B90610A00658680;
					};
				};
			};
			buildConfigurationList = 395D14771B90610A00658680 /* Build configuration list for PBXProject "DataSource" */;
			compatibilityVersion = "Xcode 3.2";
			developmentRegion = English;
			hasScannedForEncodings = 0;
			knownRegions = (
				en,
				Base,
			);
			mainGroup = 395D14731B90610A00658680;
			productRefGroup = 395D147D1B90610A00658680 /* Products */;
			projectDirPath = "";
			projectRoot = "";
			targets = (
				395D147B1B90610A00658680 /* Example */,
				395D14A31B90612D00658680 /* DataSource */,
				39A848631E5E1D9600D7DBC2 /* DataSourceTests */,
			);
		};
/* End PBXProject section */

/* Begin PBXResourcesBuildPhase section */
		395D147A1B90610A00658680 /* Resources */ = {
			isa = PBXResourcesBuildPhase;
			buildActionMask = 2147483647;
			files = (
				398248AC1E5C6DDC00F802D1 /* LaunchScreen.storyboard in Resources */,
				395D14871B90610A00658680 /* Assets.xcassets in Resources */,
				39E9E3AA1E6566AD00A3C300 /* TitleCell.xib in Resources */,
				398248AD1E5C6DDC00F802D1 /* Main.storyboard in Resources */,
			);
			runOnlyForDeploymentPostprocessing = 0;
		};
		395D14A21B90612D00658680 /* Resources */ = {
			isa = PBXResourcesBuildPhase;
			buildActionMask = 2147483647;
			files = (
			);
			runOnlyForDeploymentPostprocessing = 0;
		};
		39A848621E5E1D9600D7DBC2 /* Resources */ = {
			isa = PBXResourcesBuildPhase;
			buildActionMask = 2147483647;
			files = (
			);
			runOnlyForDeploymentPostprocessing = 0;
		};
/* End PBXResourcesBuildPhase section */

/* Begin PBXShellScriptBuildPhase section */
		398248B81E5C70B900F802D1 /* Carthage */ = {
			isa = PBXShellScriptBuildPhase;
			buildActionMask = 2147483647;
			files = (
			);
			inputPaths = (
				"$(SRCROOT)/Carthage/Build/iOS/Diff.framework",
			);
			name = Carthage;
			outputPaths = (
			);
			runOnlyForDeploymentPostprocessing = 0;
			shellPath = /bin/sh;
			shellScript = "/usr/local/bin/carthage copy-frameworks";
		};
/* End PBXShellScriptBuildPhase section */

/* Begin PBXSourcesBuildPhase section */
		395D14781B90610A00658680 /* Sources */ = {
			isa = PBXSourcesBuildPhase;
			buildActionMask = 2147483647;
			files = (
				39E9E3A81E6566AD00A3C300 /* PersonCell.swift in Sources */,
				3968B9141E7C103400EE876F /* LazyRowsViewController.swift in Sources */,
				39913AB81E61BBCC00623635 /* SwiftRandom.swift in Sources */,
				3968B9161E7C261600EE876F /* UILabel+Animation.swift in Sources */,
				39E9E3AE1E659D7D00A3C300 /* SwitchCell.swift in Sources */,
				39E9E3A91E6566AD00A3C300 /* TitleCell.swift in Sources */,
				3968B9111E7C103400EE876F /* RandomPersonsViewController.swift in Sources */,
				395D14801B90610A00658680 /* AppDelegate.swift in Sources */,
				398248A31E5C6D9900F802D1 /* StartViewController.swift in Sources */,
				39EBE0671E717FBE006B7E62 /* UIColor+Interpolation.swift in Sources */,
				3968B9121E7C103400EE876F /* FormViewController.swift in Sources */,
				3968B9131E7C103400EE876F /* DiffViewController.swift in Sources */,
				39E9E3AC1E659D6C00A3C300 /* TextFieldCell.swift in Sources */,
			);
			runOnlyForDeploymentPostprocessing = 0;
		};
		395D149F1B90612D00658680 /* Sources */ = {
			isa = PBXSourcesBuildPhase;
			buildActionMask = 2147483647;
			files = (
				398248CB1E5CA74A00F802D1 /* UITableViewExtensions.swift in Sources */,
				398248CD1E5CA9C600F802D1 /* DataSource+UITableViewDelegate.swift in Sources */,
				398248C51E5C7A5600F802D1 /* CellDescriptor.swift in Sources */,
				398248C31E5C7A4000F802D1 /* Section.swift in Sources */,
				398248C71E5C7CCA00F802D1 /* DataSource+Diff.swift in Sources */,
				398248C11E5C7A3500F802D1 /* Row.swift in Sources */,
				390CAF1C1E79AA560024E3E6 /* SectionDescriptor.swift in Sources */,
				3968B9091E7BFDF800EE876F /* Diffable.swift in Sources */,
				398248C91E5CA06600F802D1 /* DataSource+UITableViewDataSource.swift in Sources */,
				398248AF1E5C6EFB00F802D1 /* DataSource.swift in Sources */,
				39B621801E6D757000BE18EE /* DataSource+UITableViewDataSourcePrefetching.swift in Sources */,
			);
			runOnlyForDeploymentPostprocessing = 0;
		};
		39A848601E5E1D9600D7DBC2 /* Sources */ = {
			isa = PBXSourcesBuildPhase;
			buildActionMask = 2147483647;
			files = (
				39A848671E5E1D9600D7DBC2 /* DataSourceTests.swift in Sources */,
			);
			runOnlyForDeploymentPostprocessing = 0;
		};
/* End PBXSourcesBuildPhase section */

/* Begin PBXTargetDependency section */
		395D14B81B90612D00658680 /* PBXTargetDependency */ = {
			isa = PBXTargetDependency;
			target = 395D14A31B90612D00658680 /* DataSource */;
			targetProxy = 395D14B71B90612D00658680 /* PBXContainerItemProxy */;
		};
		39A8486B1E5E1D9600D7DBC2 /* PBXTargetDependency */ = {
			isa = PBXTargetDependency;
			target = 395D14A31B90612D00658680 /* DataSource */;
			targetProxy = 39A8486A1E5E1D9600D7DBC2 /* PBXContainerItemProxy */;
		};
		39A848711E5E2A3600D7DBC2 /* PBXTargetDependency */ = {
			isa = PBXTargetDependency;
			target = 395D147B1B90610A00658680 /* Example */;
			targetProxy = 39A848701E5E2A3600D7DBC2 /* PBXContainerItemProxy */;
		};
/* End PBXTargetDependency section */

/* Begin PBXVariantGroup section */
		398248A81E5C6DDC00F802D1 /* LaunchScreen.storyboard */ = {
			isa = PBXVariantGroup;
			children = (
				398248A91E5C6DDC00F802D1 /* Base */,
			);
			name = LaunchScreen.storyboard;
			sourceTree = "<group>";
		};
		398248AA1E5C6DDC00F802D1 /* Main.storyboard */ = {
			isa = PBXVariantGroup;
			children = (
				398248AB1E5C6DDC00F802D1 /* Base */,
			);
			name = Main.storyboard;
			sourceTree = "<group>";
		};
/* End PBXVariantGroup section */

/* Begin XCBuildConfiguration section */
		395D14971B90610A00658680 /* Debug */ = {
			isa = XCBuildConfiguration;
			buildSettings = {
				ALWAYS_SEARCH_USER_PATHS = NO;
				CLANG_CXX_LANGUAGE_STANDARD = "gnu++0x";
				CLANG_CXX_LIBRARY = "libc++";
				CLANG_ENABLE_MODULES = YES;
				CLANG_ENABLE_OBJC_ARC = YES;
				CLANG_WARN_BLOCK_CAPTURE_AUTORELEASING = YES;
				CLANG_WARN_BOOL_CONVERSION = YES;
				CLANG_WARN_COMMA = YES;
				CLANG_WARN_CONSTANT_CONVERSION = YES;
				CLANG_WARN_DIRECT_OBJC_ISA_USAGE = YES_ERROR;
				CLANG_WARN_EMPTY_BODY = YES;
				CLANG_WARN_ENUM_CONVERSION = YES;
				CLANG_WARN_INFINITE_RECURSION = YES;
				CLANG_WARN_INT_CONVERSION = YES;
				CLANG_WARN_NON_LITERAL_NULL_CONVERSION = YES;
				CLANG_WARN_OBJC_LITERAL_CONVERSION = YES;
				CLANG_WARN_OBJC_ROOT_CLASS = YES_ERROR;
				CLANG_WARN_RANGE_LOOP_ANALYSIS = YES;
				CLANG_WARN_STRICT_PROTOTYPES = YES;
				CLANG_WARN_SUSPICIOUS_MOVE = YES;
				CLANG_WARN_UNREACHABLE_CODE = YES;
				CLANG_WARN__DUPLICATE_METHOD_MATCH = YES;
				"CODE_SIGN_IDENTITY[sdk=iphoneos*]" = "iPhone Developer";
				COPY_PHASE_STRIP = NO;
				DEBUG_INFORMATION_FORMAT = dwarf;
				ENABLE_STRICT_OBJC_MSGSEND = YES;
				ENABLE_TESTABILITY = YES;
				GCC_C_LANGUAGE_STANDARD = gnu99;
				GCC_DYNAMIC_NO_PIC = NO;
				GCC_NO_COMMON_BLOCKS = YES;
				GCC_OPTIMIZATION_LEVEL = 0;
				GCC_PREPROCESSOR_DEFINITIONS = (
					"DEBUG=1",
					"$(inherited)",
				);
				GCC_WARN_64_TO_32_BIT_CONVERSION = YES;
				GCC_WARN_ABOUT_RETURN_TYPE = YES_ERROR;
				GCC_WARN_UNDECLARED_SELECTOR = YES;
				GCC_WARN_UNINITIALIZED_AUTOS = YES_AGGRESSIVE;
				GCC_WARN_UNUSED_FUNCTION = YES;
				GCC_WARN_UNUSED_VARIABLE = YES;
				IPHONEOS_DEPLOYMENT_TARGET = 10.0;
				MTL_ENABLE_DEBUG_INFO = YES;
				ONLY_ACTIVE_ARCH = YES;
				SDKROOT = iphoneos;
				SWIFT_OPTIMIZATION_LEVEL = "-Onone";
			};
			name = Debug;
		};
		395D14981B90610A00658680 /* Release */ = {
			isa = XCBuildConfiguration;
			buildSettings = {
				ALWAYS_SEARCH_USER_PATHS = NO;
				CLANG_CXX_LANGUAGE_STANDARD = "gnu++0x";
				CLANG_CXX_LIBRARY = "libc++";
				CLANG_ENABLE_MODULES = YES;
				CLANG_ENABLE_OBJC_ARC = YES;
				CLANG_WARN_BLOCK_CAPTURE_AUTORELEASING = YES;
				CLANG_WARN_BOOL_CONVERSION = YES;
				CLANG_WARN_COMMA = YES;
				CLANG_WARN_CONSTANT_CONVERSION = YES;
				CLANG_WARN_DIRECT_OBJC_ISA_USAGE = YES_ERROR;
				CLANG_WARN_EMPTY_BODY = YES;
				CLANG_WARN_ENUM_CONVERSION = YES;
				CLANG_WARN_INFINITE_RECURSION = YES;
				CLANG_WARN_INT_CONVERSION = YES;
				CLANG_WARN_NON_LITERAL_NULL_CONVERSION = YES;
				CLANG_WARN_OBJC_LITERAL_CONVERSION = YES;
				CLANG_WARN_OBJC_ROOT_CLASS = YES_ERROR;
				CLANG_WARN_RANGE_LOOP_ANALYSIS = YES;
				CLANG_WARN_STRICT_PROTOTYPES = YES;
				CLANG_WARN_SUSPICIOUS_MOVE = YES;
				CLANG_WARN_UNREACHABLE_CODE = YES;
				CLANG_WARN__DUPLICATE_METHOD_MATCH = YES;
				"CODE_SIGN_IDENTITY[sdk=iphoneos*]" = "iPhone Developer";
				COPY_PHASE_STRIP = NO;
				DEBUG_INFORMATION_FORMAT = "dwarf-with-dsym";
				ENABLE_NS_ASSERTIONS = NO;
				ENABLE_STRICT_OBJC_MSGSEND = YES;
				GCC_C_LANGUAGE_STANDARD = gnu99;
				GCC_NO_COMMON_BLOCKS = YES;
				GCC_WARN_64_TO_32_BIT_CONVERSION = YES;
				GCC_WARN_ABOUT_RETURN_TYPE = YES_ERROR;
				GCC_WARN_UNDECLARED_SELECTOR = YES;
				GCC_WARN_UNINITIALIZED_AUTOS = YES_AGGRESSIVE;
				GCC_WARN_UNUSED_FUNCTION = YES;
				GCC_WARN_UNUSED_VARIABLE = YES;
				IPHONEOS_DEPLOYMENT_TARGET = 10.0;
				MTL_ENABLE_DEBUG_INFO = NO;
				SDKROOT = iphoneos;
				VALIDATE_PRODUCT = YES;
			};
			name = Release;
		};
		395D149A1B90610A00658680 /* Debug */ = {
			isa = XCBuildConfiguration;
			buildSettings = {
				ALWAYS_EMBED_SWIFT_STANDARD_LIBRARIES = YES;
				ASSETCATALOG_COMPILER_APPICON_NAME = AppIcon;
				"CODE_SIGN_IDENTITY[sdk=iphoneos*]" = "iPhone Developer";
				DEVELOPMENT_TEAM = PRXJBCN9SJ;
				FRAMEWORK_SEARCH_PATHS = (
					"$(inherited)",
					"$(PROJECT_DIR)/Carthage/Build/iOS",
				);
				INFOPLIST_FILE = Example/Info.plist;
				LD_RUNPATH_SEARCH_PATHS = "$(inherited) @executable_path/Frameworks";
				PRODUCT_BUNDLE_IDENTIFIER = com.buchetics.DataSourceExample;
				PRODUCT_NAME = "$(TARGET_NAME)";
				PROVISIONING_PROFILE = "";
				PROVISIONING_PROFILE_SPECIFIER = "";
				SWIFT_VERSION = 4.0;
			};
			name = Debug;
		};
		395D149B1B90610A00658680 /* Release */ = {
			isa = XCBuildConfiguration;
			buildSettings = {
				ALWAYS_EMBED_SWIFT_STANDARD_LIBRARIES = YES;
				ASSETCATALOG_COMPILER_APPICON_NAME = AppIcon;
				"CODE_SIGN_IDENTITY[sdk=iphoneos*]" = "iPhone Developer";
				DEVELOPMENT_TEAM = PRXJBCN9SJ;
				FRAMEWORK_SEARCH_PATHS = (
					"$(inherited)",
					"$(PROJECT_DIR)/Carthage/Build/iOS",
				);
				INFOPLIST_FILE = Example/Info.plist;
				LD_RUNPATH_SEARCH_PATHS = "$(inherited) @executable_path/Frameworks";
				PRODUCT_BUNDLE_IDENTIFIER = com.buchetics.DataSourceExample;
				PRODUCT_NAME = "$(TARGET_NAME)";
				PROVISIONING_PROFILE = "";
				PROVISIONING_PROFILE_SPECIFIER = "";
				SWIFT_OPTIMIZATION_LEVEL = "-Owholemodule";
				SWIFT_VERSION = 4.0;
			};
			name = Release;
		};
		395D14BC1B90612D00658680 /* Debug */ = {
			isa = XCBuildConfiguration;
			buildSettings = {
				CLANG_ENABLE_MODULES = YES;
				"CODE_SIGN_IDENTITY[sdk=iphoneos*]" = "";
				CURRENT_PROJECT_VERSION = 1;
				DEFINES_MODULE = YES;
				DYLIB_COMPATIBILITY_VERSION = 1;
				DYLIB_CURRENT_VERSION = 1;
				DYLIB_INSTALL_NAME_BASE = "@rpath";
				FRAMEWORK_SEARCH_PATHS = (
					"$(inherited)",
					"$(PROJECT_DIR)/Carthage/Build/iOS",
				);
				INFOPLIST_FILE = DataSource/Info.plist;
				INSTALL_PATH = "$(LOCAL_LIBRARY_DIR)/Frameworks";
				LD_RUNPATH_SEARCH_PATHS = "$(inherited) @executable_path/Frameworks @loader_path/Frameworks";
				PRODUCT_BUNDLE_IDENTIFIER = com.buchetics.DataSource;
				PRODUCT_NAME = "$(TARGET_NAME)";
				SKIP_INSTALL = YES;
				SWIFT_OPTIMIZATION_LEVEL = "-Onone";
				SWIFT_VERSION = 4.0;
				TARGETED_DEVICE_FAMILY = "1,2";
				VERSIONING_SYSTEM = "apple-generic";
				VERSION_INFO_PREFIX = "";
			};
			name = Debug;
		};
		395D14BD1B90612D00658680 /* Release */ = {
			isa = XCBuildConfiguration;
			buildSettings = {
				CLANG_ENABLE_MODULES = YES;
				"CODE_SIGN_IDENTITY[sdk=iphoneos*]" = "";
				CURRENT_PROJECT_VERSION = 1;
				DEFINES_MODULE = YES;
				DYLIB_COMPATIBILITY_VERSION = 1;
				DYLIB_CURRENT_VERSION = 1;
				DYLIB_INSTALL_NAME_BASE = "@rpath";
				FRAMEWORK_SEARCH_PATHS = (
					"$(inherited)",
					"$(PROJECT_DIR)/Carthage/Build/iOS",
				);
				INFOPLIST_FILE = DataSource/Info.plist;
				INSTALL_PATH = "$(LOCAL_LIBRARY_DIR)/Frameworks";
				LD_RUNPATH_SEARCH_PATHS = "$(inherited) @executable_path/Frameworks @loader_path/Frameworks";
				PRODUCT_BUNDLE_IDENTIFIER = com.buchetics.DataSource;
				PRODUCT_NAME = "$(TARGET_NAME)";
				SKIP_INSTALL = YES;
				SWIFT_OPTIMIZATION_LEVEL = "-Owholemodule";
				SWIFT_VERSION = 4.0;
				TARGETED_DEVICE_FAMILY = "1,2";
				VERSIONING_SYSTEM = "apple-generic";
				VERSION_INFO_PREFIX = "";
			};
			name = Release;
		};
		39A8486D1E5E1D9600D7DBC2 /* Debug */ = {
			isa = XCBuildConfiguration;
			buildSettings = {
				ALWAYS_EMBED_SWIFT_STANDARD_LIBRARIES = YES;
				CLANG_ANALYZER_NONNULL = YES;
				CLANG_WARN_DOCUMENTATION_COMMENTS = YES;
				DEVELOPMENT_TEAM = PRXJBCN9SJ;
				FRAMEWORK_SEARCH_PATHS = (
					"$(inherited)",
					"$(PROJECT_DIR)/Carthage/Build/iOS",
				);
				INFOPLIST_FILE = DataSourceTests/Info.plist;
				IPHONEOS_DEPLOYMENT_TARGET = 10.2;
				LD_RUNPATH_SEARCH_PATHS = "$(inherited) @executable_path/Frameworks @loader_path/Frameworks";
				PRODUCT_BUNDLE_IDENTIFIER = com.buchetics.DataSourceTests;
				PRODUCT_NAME = "$(TARGET_NAME)";
				SWIFT_ACTIVE_COMPILATION_CONDITIONS = DEBUG;
				SWIFT_VERSION = 4.0;
				TEST_HOST = "$(BUILT_PRODUCTS_DIR)/Example.app/Example";
			};
			name = Debug;
		};
		39A8486E1E5E1D9600D7DBC2 /* Release */ = {
			isa = XCBuildConfiguration;
			buildSettings = {
				ALWAYS_EMBED_SWIFT_STANDARD_LIBRARIES = YES;
				CLANG_ANALYZER_NONNULL = YES;
				CLANG_WARN_DOCUMENTATION_COMMENTS = YES;
				DEVELOPMENT_TEAM = PRXJBCN9SJ;
				FRAMEWORK_SEARCH_PATHS = (
					"$(inherited)",
					"$(PROJECT_DIR)/Carthage/Build/iOS",
				);
				INFOPLIST_FILE = DataSourceTests/Info.plist;
				IPHONEOS_DEPLOYMENT_TARGET = 10.2;
				LD_RUNPATH_SEARCH_PATHS = "$(inherited) @executable_path/Frameworks @loader_path/Frameworks";
				PRODUCT_BUNDLE_IDENTIFIER = com.buchetics.DataSourceTests;
				PRODUCT_NAME = "$(TARGET_NAME)";
				SWIFT_OPTIMIZATION_LEVEL = "-Owholemodule";
				SWIFT_VERSION = 4.0;
				TEST_HOST = "$(BUILT_PRODUCTS_DIR)/Example.app/Example";
			};
			name = Release;
		};
/* End XCBuildConfiguration section */

/* Begin XCConfigurationList section */
		395D14771B90610A00658680 /* Build configuration list for PBXProject "DataSource" */ = {
			isa = XCConfigurationList;
			buildConfigurations = (
				395D14971B90610A00658680 /* Debug */,
				395D14981B90610A00658680 /* Release */,
			);
			defaultConfigurationIsVisible = 0;
			defaultConfigurationName = Release;
		};
		395D14991B90610A00658680 /* Build configuration list for PBXNativeTarget "Example" */ = {
			isa = XCConfigurationList;
			buildConfigurations = (
				395D149A1B90610A00658680 /* Debug */,
				395D149B1B90610A00658680 /* Release */,
			);
			defaultConfigurationIsVisible = 0;
			defaultConfigurationName = Release;
		};
		395D14BB1B90612D00658680 /* Build configuration list for PBXNativeTarget "DataSource" */ = {
			isa = XCConfigurationList;
			buildConfigurations = (
				395D14BC1B90612D00658680 /* Debug */,
				395D14BD1B90612D00658680 /* Release */,
			);
			defaultConfigurationIsVisible = 0;
			defaultConfigurationName = Release;
		};
		39A8486C1E5E1D9600D7DBC2 /* Build configuration list for PBXNativeTarget "DataSourceTests" */ = {
			isa = XCConfigurationList;
			buildConfigurations = (
				39A8486D1E5E1D9600D7DBC2 /* Debug */,
				39A8486E1E5E1D9600D7DBC2 /* Release */,
			);
			defaultConfigurationIsVisible = 0;
			defaultConfigurationName = Release;
		};
/* End XCConfigurationList section */
	};
	rootObject = 395D14741B90610A00658680 /* Project object */;
}
